// !$*UTF8*$!
{
	archiveVersion = 1;
	classes = {
	};
	objectVersion = 46;
	objects = {

/* Begin PBXBuildFile section */
		AA3242CD12CBEF2F00063558 /* TMDBPerson.h in Headers */ = {isa = PBXBuildFile; fileRef = AA3242CB12CBEF2F00063558 /* TMDBPerson.h */; settings = {ATTRIBUTES = (Public, ); }; };
		AA3242CE12CBEF2F00063558 /* TMDBPerson.m in Sources */ = {isa = PBXBuildFile; fileRef = AA3242CC12CBEF2F00063558 /* TMDBPerson.m */; };
		AA38A4DB1A06D9A100D424C6 /* TMDBMovieSearch.m in Sources */ = {isa = PBXBuildFile; fileRef = AA72F93519AB9B6000E68128 /* TMDBMovieSearch.m */; };
		AA4B5D6E199647090007EE28 /* CoreGraphics.framework in Frameworks */ = {isa = PBXBuildFile; fileRef = AA4B5D6D199647090007EE28 /* CoreGraphics.framework */; };
		AA4B5D89199647E90007EE28 /* TMDB.m in Sources */ = {isa = PBXBuildFile; fileRef = AABB1F6512833F5300F84FEB /* TMDB.m */; };
		AA4B5D8A199647E90007EE28 /* TMDBError.m in Sources */ = {isa = PBXBuildFile; fileRef = AA65EA90176E665300D8C4D5 /* TMDBError.m */; };
		AA4B5D8C199647E90007EE28 /* TMDBConfiguration.m in Sources */ = {isa = PBXBuildFile; fileRef = AA9D9B7117B51EAA0016B954 /* TMDBConfiguration.m */; };
		AA4B5D8D199647E90007EE28 /* TMDBMovie.m in Sources */ = {isa = PBXBuildFile; fileRef = AAF4389E12834E6600F5CC92 /* TMDBMovie.m */; };
		AA4B5D8E199647E90007EE28 /* TMDBImage.m in Sources */ = {isa = PBXBuildFile; fileRef = AAFA3EB212863A78002B9E38 /* TMDBImage.m */; };
		AA4B5D8F199647E90007EE28 /* TMDBPerson.m in Sources */ = {isa = PBXBuildFile; fileRef = AA3242CC12CBEF2F00063558 /* TMDBPerson.m */; };
		AA4B5D90199647E90007EE28 /* TMDBLanguage.m in Sources */ = {isa = PBXBuildFile; fileRef = AA9D9B7B17B62E1B0016B954 /* TMDBLanguage.m */; };
		AA4B5D91199647E90007EE28 /* TMDBRequest.m in Sources */ = {isa = PBXBuildFile; fileRef = AAF43A0F12835F9400F5CC92 /* TMDBRequest.m */; };
		AA4B5D93199647F10007EE28 /* Foundation.framework in Frameworks */ = {isa = PBXBuildFile; fileRef = AA4B5D92199647F10007EE28 /* Foundation.framework */; };
		AA4B5D95199647F60007EE28 /* CoreGraphics.framework in Frameworks */ = {isa = PBXBuildFile; fileRef = AA4B5D94199647F60007EE28 /* CoreGraphics.framework */; };
		AA65EA92176E698E00D8C4D5 /* TMDBError.m in Sources */ = {isa = PBXBuildFile; fileRef = AA65EA90176E665300D8C4D5 /* TMDBError.m */; };
		AA65EA93176E69A800D8C4D5 /* TMDBError.h in Headers */ = {isa = PBXBuildFile; fileRef = AA65EA8F176E665300D8C4D5 /* TMDBError.h */; settings = {ATTRIBUTES = (Public, ); }; };
		AA72F93619AB9B6000E68128 /* TMDBMovieSearch.h in Headers */ = {isa = PBXBuildFile; fileRef = AA72F93419AB9B6000E68128 /* TMDBMovieSearch.h */; settings = {ATTRIBUTES = (Public, ); }; };
		AA72F93719AB9B6000E68128 /* TMDBMovieSearch.m in Sources */ = {isa = PBXBuildFile; fileRef = AA72F93519AB9B6000E68128 /* TMDBMovieSearch.m */; };
		AA985848128309AA0074F570 /* iTMDb.h in Headers */ = {isa = PBXBuildFile; fileRef = AA985847128309AA0074F570 /* iTMDb.h */; settings = {ATTRIBUTES = (Public, ); }; };
		AA9D9B7217B51EAA0016B954 /* TMDBConfiguration.h in Headers */ = {isa = PBXBuildFile; fileRef = AA9D9B7017B51EAA0016B954 /* TMDBConfiguration.h */; settings = {ATTRIBUTES = (Public, ); }; };
		AA9D9B7317B51EAA0016B954 /* TMDBConfiguration.m in Sources */ = {isa = PBXBuildFile; fileRef = AA9D9B7117B51EAA0016B954 /* TMDBConfiguration.m */; };
		AA9D9B7717B61E380016B954 /* TMDBDataValidation.h in Headers */ = {isa = PBXBuildFile; fileRef = AA9D9B7517B61E380016B954 /* TMDBDataValidation.h */; };
		AA9D9B7C17B62E1B0016B954 /* TMDBLanguage.h in Headers */ = {isa = PBXBuildFile; fileRef = AA9D9B7A17B62E1B0016B954 /* TMDBLanguage.h */; settings = {ATTRIBUTES = (Public, ); }; };
		AA9D9B7D17B62E1B0016B954 /* TMDBLanguage.m in Sources */ = {isa = PBXBuildFile; fileRef = AA9D9B7B17B62E1B0016B954 /* TMDBLanguage.m */; };
		AA9D9B7F17B63D5D0016B954 /* Foundation.framework in Frameworks */ = {isa = PBXBuildFile; fileRef = AA9D9B7E17B63D5D0016B954 /* Foundation.framework */; };
		AABB1F7A12833F9800F84FEB /* TMDB.m in Sources */ = {isa = PBXBuildFile; fileRef = AABB1F6512833F5300F84FEB /* TMDB.m */; };
		AAF4389F12834E6600F5CC92 /* TMDBMovie.h in Headers */ = {isa = PBXBuildFile; fileRef = AAF4389D12834E6600F5CC92 /* TMDBMovie.h */; settings = {ATTRIBUTES = (Public, ); }; };
		AAF438A012834E6600F5CC92 /* TMDBMovie.m in Sources */ = {isa = PBXBuildFile; fileRef = AAF4389E12834E6600F5CC92 /* TMDBMovie.m */; };
		AAF438B012834F6400F5CC92 /* TMDB.h in Headers */ = {isa = PBXBuildFile; fileRef = AABB1F6412833F5300F84FEB /* TMDB.h */; settings = {ATTRIBUTES = (Public, ); }; };
		AAF43A1012835F9400F5CC92 /* TMDBRequest.h in Headers */ = {isa = PBXBuildFile; fileRef = AAF43A0E12835F9400F5CC92 /* TMDBRequest.h */; };
		AAF43A1112835F9400F5CC92 /* TMDBRequest.m in Sources */ = {isa = PBXBuildFile; fileRef = AAF43A0F12835F9400F5CC92 /* TMDBRequest.m */; };
		AAFA3EB312863A78002B9E38 /* TMDBImage.h in Headers */ = {isa = PBXBuildFile; fileRef = AAFA3EB112863A77002B9E38 /* TMDBImage.h */; settings = {ATTRIBUTES = (Public, ); }; };
		AAFA3EB412863A78002B9E38 /* TMDBImage.m in Sources */ = {isa = PBXBuildFile; fileRef = AAFA3EB212863A78002B9E38 /* TMDBImage.m */; };
/* End PBXBuildFile section */

/* Begin PBXCopyFilesBuildPhase section */
		AA4B5D71199647690007EE28 /* CopyFiles */ = {
			isa = PBXCopyFilesBuildPhase;
			buildActionMask = 2147483647;
			dstPath = "include/$(PRODUCT_NAME)";
			dstSubfolderSpec = 16;
			files = (
			);
			runOnlyForDeploymentPostprocessing = 0;
		};
/* End PBXCopyFilesBuildPhase section */

/* Begin PBXFileReference section */
		089C1667FE841158C02AAC07 /* English */ = {isa = PBXFileReference; fileEncoding = 4; lastKnownFileType = text.plist.strings; name = English; path = English.lproj/InfoPlist.strings; sourceTree = "<group>"; };
		32DBCF5E0370ADEE00C91783 /* iTMDb_Prefix.pch */ = {isa = PBXFileReference; fileEncoding = 4; lastKnownFileType = sourcecode.c.h; path = iTMDb_Prefix.pch; sourceTree = "<group>"; };
		8DC2EF5A0486A6940098B216 /* Info.plist */ = {isa = PBXFileReference; fileEncoding = 4; lastKnownFileType = text.plist.xml; path = Info.plist; sourceTree = "<group>"; };
		8DC2EF5B0486A6940098B216 /* iTMDb.framework */ = {isa = PBXFileReference; explicitFileType = wrapper.framework; includeInIndex = 0; path = iTMDb.framework; sourceTree = BUILT_PRODUCTS_DIR; };
		AA3242CB12CBEF2F00063558 /* TMDBPerson.h */ = {isa = PBXFileReference; fileEncoding = 4; lastKnownFileType = sourcecode.c.h; name = TMDBPerson.h; path = Classes/People/TMDBPerson.h; sourceTree = "<group>"; };
		AA3242CC12CBEF2F00063558 /* TMDBPerson.m */ = {isa = PBXFileReference; fileEncoding = 4; lastKnownFileType = sourcecode.c.objc; name = TMDBPerson.m; path = Classes/People/TMDBPerson.m; sourceTree = "<group>"; };
		AA4B5D6D199647090007EE28 /* CoreGraphics.framework */ = {isa = PBXFileReference; lastKnownFileType = wrapper.framework; name = CoreGraphics.framework; path = System/Library/Frameworks/CoreGraphics.framework; sourceTree = SDKROOT; };
		AA4B5D73199647690007EE28 /* libiTMDb.a */ = {isa = PBXFileReference; explicitFileType = archive.ar; includeInIndex = 0; path = libiTMDb.a; sourceTree = BUILT_PRODUCTS_DIR; };
		AA4B5D92199647F10007EE28 /* Foundation.framework */ = {isa = PBXFileReference; lastKnownFileType = wrapper.framework; name = Foundation.framework; path = Platforms/iPhoneOS.platform/Developer/SDKs/iPhoneOS8.0.sdk/System/Library/Frameworks/Foundation.framework; sourceTree = DEVELOPER_DIR; };
		AA4B5D94199647F60007EE28 /* CoreGraphics.framework */ = {isa = PBXFileReference; lastKnownFileType = wrapper.framework; name = CoreGraphics.framework; path = Platforms/iPhoneOS.platform/Developer/SDKs/iPhoneOS8.0.sdk/System/Library/Frameworks/CoreGraphics.framework; sourceTree = DEVELOPER_DIR; };
		AA65EA8F176E665300D8C4D5 /* TMDBError.h */ = {isa = PBXFileReference; lastKnownFileType = sourcecode.c.h; name = TMDBError.h; path = Classes/TMDBError.h; sourceTree = "<group>"; };
		AA65EA90176E665300D8C4D5 /* TMDBError.m */ = {isa = PBXFileReference; lastKnownFileType = sourcecode.c.objc; name = TMDBError.m; path = Classes/TMDBError.m; sourceTree = "<group>"; };
		AA72F93419AB9B6000E68128 /* TMDBMovieSearch.h */ = {isa = PBXFileReference; fileEncoding = 4; lastKnownFileType = sourcecode.c.h; name = TMDBMovieSearch.h; path = Classes/Movies/TMDBMovieSearch.h; sourceTree = "<group>"; };
		AA72F93519AB9B6000E68128 /* TMDBMovieSearch.m */ = {isa = PBXFileReference; fileEncoding = 4; lastKnownFileType = sourcecode.c.objc; name = TMDBMovieSearch.m; path = Classes/Movies/TMDBMovieSearch.m; sourceTree = "<group>"; };
		AA985847128309AA0074F570 /* iTMDb.h */ = {isa = PBXFileReference; fileEncoding = 4; lastKnownFileType = sourcecode.c.h; path = iTMDb.h; sourceTree = "<group>"; };
		AA98586D12830B680074F570 /* README.md */ = {isa = PBXFileReference; fileEncoding = 4; lastKnownFileType = net.daringfireball.markdown; name = README.md; path = ../README.md; sourceTree = "<group>"; };
		AA9D9B7017B51EAA0016B954 /* TMDBConfiguration.h */ = {isa = PBXFileReference; fileEncoding = 4; lastKnownFileType = sourcecode.c.h; name = TMDBConfiguration.h; path = Classes/Configuration/TMDBConfiguration.h; sourceTree = "<group>"; };
		AA9D9B7117B51EAA0016B954 /* TMDBConfiguration.m */ = {isa = PBXFileReference; fileEncoding = 4; lastKnownFileType = sourcecode.c.objc; name = TMDBConfiguration.m; path = Classes/Configuration/TMDBConfiguration.m; sourceTree = "<group>"; };
		AA9D9B7417B5263B0016B954 /* LICENSE */ = {isa = PBXFileReference; lastKnownFileType = text; name = LICENSE; path = ../LICENSE; sourceTree = "<group>"; };
		AA9D9B7517B61E380016B954 /* TMDBDataValidation.h */ = {isa = PBXFileReference; fileEncoding = 4; lastKnownFileType = sourcecode.c.h; name = TMDBDataValidation.h; path = Classes/TMDBDataValidation.h; sourceTree = "<group>"; };
		AA9D9B7A17B62E1B0016B954 /* TMDBLanguage.h */ = {isa = PBXFileReference; fileEncoding = 4; lastKnownFileType = sourcecode.c.h; name = TMDBLanguage.h; path = Classes/Languages/TMDBLanguage.h; sourceTree = "<group>"; };
		AA9D9B7B17B62E1B0016B954 /* TMDBLanguage.m */ = {isa = PBXFileReference; fileEncoding = 4; lastKnownFileType = sourcecode.c.objc; name = TMDBLanguage.m; path = Classes/Languages/TMDBLanguage.m; sourceTree = "<group>"; };
		AA9D9B7E17B63D5D0016B954 /* Foundation.framework */ = {isa = PBXFileReference; lastKnownFileType = wrapper.framework; name = Foundation.framework; path = System/Library/Frameworks/Foundation.framework; sourceTree = SDKROOT; };
		AABB1F6412833F5300F84FEB /* TMDB.h */ = {isa = PBXFileReference; fileEncoding = 4; lastKnownFileType = sourcecode.c.h; name = TMDB.h; path = Classes/TMDB.h; sourceTree = "<group>"; };
		AABB1F6512833F5300F84FEB /* TMDB.m */ = {isa = PBXFileReference; fileEncoding = 4; lastKnownFileType = sourcecode.c.objc; name = TMDB.m; path = Classes/TMDB.m; sourceTree = "<group>"; };
		AAF4389D12834E6600F5CC92 /* TMDBMovie.h */ = {isa = PBXFileReference; fileEncoding = 4; lastKnownFileType = sourcecode.c.h; name = TMDBMovie.h; path = Classes/Movies/TMDBMovie.h; sourceTree = "<group>"; };
		AAF4389E12834E6600F5CC92 /* TMDBMovie.m */ = {isa = PBXFileReference; fileEncoding = 4; lastKnownFileType = sourcecode.c.objc; name = TMDBMovie.m; path = Classes/Movies/TMDBMovie.m; sourceTree = "<group>"; };
		AAF43A0E12835F9400F5CC92 /* TMDBRequest.h */ = {isa = PBXFileReference; fileEncoding = 4; lastKnownFileType = sourcecode.c.h; name = TMDBRequest.h; path = Classes/Requests/TMDBRequest.h; sourceTree = "<group>"; };
		AAF43A0F12835F9400F5CC92 /* TMDBRequest.m */ = {isa = PBXFileReference; fileEncoding = 4; lastKnownFileType = sourcecode.c.objc; name = TMDBRequest.m; path = Classes/Requests/TMDBRequest.m; sourceTree = "<group>"; };
		AAFA3EB112863A77002B9E38 /* TMDBImage.h */ = {isa = PBXFileReference; fileEncoding = 4; lastKnownFileType = sourcecode.c.h; name = TMDBImage.h; path = Classes/Movies/TMDBImage.h; sourceTree = "<group>"; };
		AAFA3EB212863A78002B9E38 /* TMDBImage.m */ = {isa = PBXFileReference; fileEncoding = 4; lastKnownFileType = sourcecode.c.objc; name = TMDBImage.m; path = Classes/Movies/TMDBImage.m; sourceTree = "<group>"; };
/* End PBXFileReference section */

/* Begin PBXFrameworksBuildPhase section */
		8DC2EF560486A6940098B216 /* Frameworks */ = {
			isa = PBXFrameworksBuildPhase;
			buildActionMask = 2147483647;
			files = (
				AA9D9B7F17B63D5D0016B954 /* Foundation.framework in Frameworks */,
				AA4B5D6E199647090007EE28 /* CoreGraphics.framework in Frameworks */,
			);
			runOnlyForDeploymentPostprocessing = 0;
		};
		AA4B5D70199647690007EE28 /* Frameworks */ = {
			isa = PBXFrameworksBuildPhase;
			buildActionMask = 2147483647;
			files = (
				AA4B5D93199647F10007EE28 /* Foundation.framework in Frameworks */,
				AA4B5D95199647F60007EE28 /* CoreGraphics.framework in Frameworks */,
			);
			runOnlyForDeploymentPostprocessing = 0;
		};
/* End PBXFrameworksBuildPhase section */

/* Begin PBXGroup section */
		034768DFFF38A50411DB9C8B /* Products */ = {
			isa = PBXGroup;
			children = (
				8DC2EF5B0486A6940098B216 /* iTMDb.framework */,
				AA4B5D73199647690007EE28 /* libiTMDb.a */,
			);
			name = Products;
			sourceTree = "<group>";
		};
		0867D691FE84028FC02AAC07 /* iTMDb */ = {
			isa = PBXGroup;
			children = (
				08FB77AEFE84172EC02AAC07 /* Classes */,
				089C1665FE841158C02AAC07 /* Resources */,
				1058C7B0FEA5585E11CA2CBB /* Frameworks */,
				034768DFFF38A50411DB9C8B /* Products */,
			);
			name = iTMDb;
			sourceTree = "<group>";
		};
		089C1665FE841158C02AAC07 /* Resources */ = {
			isa = PBXGroup;
			children = (
				32DBCF5E0370ADEE00C91783 /* iTMDb_Prefix.pch */,
				AA98586D12830B680074F570 /* README.md */,
				AA9D9B7417B5263B0016B954 /* LICENSE */,
				8DC2EF5A0486A6940098B216 /* Info.plist */,
				089C1666FE841158C02AAC07 /* InfoPlist.strings */,
			);
			name = Resources;
			sourceTree = "<group>";
		};
		08FB77AEFE84172EC02AAC07 /* Classes */ = {
			isa = PBXGroup;
			children = (
				AA985847128309AA0074F570 /* iTMDb.h */,
				AA98584B128309C70074F570 /* General */,
				AAF437F01283455E00F5CC92 /* TMDb API */,
				AAF437EF1283455400F5CC92 /* Requests */,
			);
			name = Classes;
			sourceTree = "<group>";
		};
		1058C7B0FEA5585E11CA2CBB /* Frameworks */ = {
			isa = PBXGroup;
			children = (
				AA4B5D961996480F0007EE28 /* OS X */,
				AA4B5D97199648130007EE28 /* iOS */,
			);
			name = Frameworks;
			sourceTree = "<group>";
		};
		AA4B5D961996480F0007EE28 /* OS X */ = {
			isa = PBXGroup;
			children = (
				AA9D9B7E17B63D5D0016B954 /* Foundation.framework */,
				AA4B5D6D199647090007EE28 /* CoreGraphics.framework */,
			);
			name = "OS X";
			sourceTree = "<group>";
		};
		AA4B5D97199648130007EE28 /* iOS */ = {
			isa = PBXGroup;
			children = (
				AA4B5D92199647F10007EE28 /* Foundation.framework */,
				AA4B5D94199647F60007EE28 /* CoreGraphics.framework */,
			);
			name = iOS;
			sourceTree = "<group>";
		};
		AA65EA91176E666B00D8C4D5 /* Other */ = {
			isa = PBXGroup;
			children = (
				AA65EA8F176E665300D8C4D5 /* TMDBError.h */,
				AA65EA90176E665300D8C4D5 /* TMDBError.m */,
				AA9D9B7517B61E380016B954 /* TMDBDataValidation.h */,
			);
			name = Other;
			sourceTree = "<group>";
		};
		AA98583E128308180074F570 /* Movies */ = {
			isa = PBXGroup;
			children = (
				AAF4389D12834E6600F5CC92 /* TMDBMovie.h */,
				AAF4389E12834E6600F5CC92 /* TMDBMovie.m */,
				AA72F93419AB9B6000E68128 /* TMDBMovieSearch.h */,
				AA72F93519AB9B6000E68128 /* TMDBMovieSearch.m */,
			);
			name = Movies;
			sourceTree = "<group>";
		};
		AA985840128308360074F570 /* People */ = {
			isa = PBXGroup;
			children = (
				AA3242CB12CBEF2F00063558 /* TMDBPerson.h */,
				AA3242CC12CBEF2F00063558 /* TMDBPerson.m */,
			);
			name = People;
			sourceTree = "<group>";
		};
		AA98584B128309C70074F570 /* General */ = {
			isa = PBXGroup;
			children = (
				AABB1F6412833F5300F84FEB /* TMDB.h */,
				AABB1F6512833F5300F84FEB /* TMDB.m */,
				AA65EA91176E666B00D8C4D5 /* Other */,
			);
			name = General;
			sourceTree = "<group>";
		};
		AA9D9B6F17B51E940016B954 /* Configuration */ = {
			isa = PBXGroup;
			children = (
				AA9D9B7017B51EAA0016B954 /* TMDBConfiguration.h */,
				AA9D9B7117B51EAA0016B954 /* TMDBConfiguration.m */,
			);
			name = Configuration;
			sourceTree = "<group>";
		};
		AA9D9B7917B62D970016B954 /* Languages */ = {
			isa = PBXGroup;
			children = (
				AA9D9B7A17B62E1B0016B954 /* TMDBLanguage.h */,
				AA9D9B7B17B62E1B0016B954 /* TMDBLanguage.m */,
			);
			name = Languages;
			sourceTree = "<group>";
		};
		AAF437EF1283455400F5CC92 /* Requests */ = {
			isa = PBXGroup;
			children = (
				AAF43A0E12835F9400F5CC92 /* TMDBRequest.h */,
				AAF43A0F12835F9400F5CC92 /* TMDBRequest.m */,
			);
			name = Requests;
			sourceTree = "<group>";
		};
		AAF437F01283455E00F5CC92 /* TMDb API */ = {
			isa = PBXGroup;
			children = (
				AA9D9B6F17B51E940016B954 /* Configuration */,
				AA98583E128308180074F570 /* Movies */,
				AAFA3EAD12863A5B002B9E38 /* Images */,
				AA985840128308360074F570 /* People */,
				AA9D9B7917B62D970016B954 /* Languages */,
			);
			name = "TMDb API";
			sourceTree = "<group>";
		};
		AAFA3EAD12863A5B002B9E38 /* Images */ = {
			isa = PBXGroup;
			children = (
				AAFA3EB112863A77002B9E38 /* TMDBImage.h */,
				AAFA3EB212863A78002B9E38 /* TMDBImage.m */,
			);
			name = Images;
			sourceTree = "<group>";
		};
/* End PBXGroup section */

/* Begin PBXHeadersBuildPhase section */
		8DC2EF500486A6940098B216 /* Headers */ = {
			isa = PBXHeadersBuildPhase;
			buildActionMask = 2147483647;
			files = (
				AA985848128309AA0074F570 /* iTMDb.h in Headers */,
				AAF438B012834F6400F5CC92 /* TMDB.h in Headers */,
				AA9D9B7217B51EAA0016B954 /* TMDBConfiguration.h in Headers */,
				AAF4389F12834E6600F5CC92 /* TMDBMovie.h in Headers */,
				AA72F93619AB9B6000E68128 /* TMDBMovieSearch.h in Headers */,
				AAFA3EB312863A78002B9E38 /* TMDBImage.h in Headers */,
				AA9D9B7C17B62E1B0016B954 /* TMDBLanguage.h in Headers */,
				AA3242CD12CBEF2F00063558 /* TMDBPerson.h in Headers */,
				AA65EA93176E69A800D8C4D5 /* TMDBError.h in Headers */,
				AA9D9B7717B61E380016B954 /* TMDBDataValidation.h in Headers */,
				AAF43A1012835F9400F5CC92 /* TMDBRequest.h in Headers */,
			);
			runOnlyForDeploymentPostprocessing = 0;
		};
/* End PBXHeadersBuildPhase section */

/* Begin PBXNativeTarget section */
		8DC2EF4F0486A6940098B216 /* iTMDb */ = {
			isa = PBXNativeTarget;
			buildConfigurationList = 1DEB91AD08733DA50010E9CD /* Build configuration list for PBXNativeTarget "iTMDb" */;
			buildPhases = (
				8DC2EF500486A6940098B216 /* Headers */,
				8DC2EF520486A6940098B216 /* Resources */,
				8DC2EF540486A6940098B216 /* Sources */,
				8DC2EF560486A6940098B216 /* Frameworks */,
			);
			buildRules = (
			);
			dependencies = (
			);
			name = iTMDb;
			productInstallPath = "$(HOME)/Library/Frameworks";
			productName = iTMDb;
			productReference = 8DC2EF5B0486A6940098B216 /* iTMDb.framework */;
			productType = "com.apple.product-type.framework";
		};
		AA4B5D72199647690007EE28 /* iTMDb-static */ = {
			isa = PBXNativeTarget;
			buildConfigurationList = AA4B5D811996476A0007EE28 /* Build configuration list for PBXNativeTarget "iTMDb-static" */;
			buildPhases = (
				AA4B5D6F199647690007EE28 /* Sources */,
				AA4B5D70199647690007EE28 /* Frameworks */,
				AA4B5D71199647690007EE28 /* CopyFiles */,
			);
			buildRules = (
			);
			dependencies = (
			);
			name = "iTMDb-static";
			productName = "iTMDb-static";
			productReference = AA4B5D73199647690007EE28 /* libiTMDb.a */;
			productType = "com.apple.product-type.library.static";
		};
/* End PBXNativeTarget section */

/* Begin PBXProject section */
		0867D690FE84028FC02AAC07 /* Project object */ = {
			isa = PBXProject;
			attributes = {
				CLASSPREFIX = TMDB;
				LastUpgradeCheck = 0600;
				ORGANIZATIONNAME = Devify;
				TargetAttributes = {
					AA4B5D72199647690007EE28 = {
						CreatedOnToolsVersion = 6.0;
					};
				};
			};
			buildConfigurationList = 1DEB91B108733DA50010E9CD /* Build configuration list for PBXProject "iTMDb" */;
			compatibilityVersion = "Xcode 3.2";
			developmentRegion = English;
			hasScannedForEncodings = 1;
			knownRegions = (
				English,
				Japanese,
				French,
				German,
			);
			mainGroup = 0867D691FE84028FC02AAC07 /* iTMDb */;
			productRefGroup = 034768DFFF38A50411DB9C8B /* Products */;
			projectDirPath = "";
			projectRoot = "";
			targets = (
				8DC2EF4F0486A6940098B216 /* iTMDb */,
				AA4B5D72199647690007EE28 /* iTMDb-static */,
			);
		};
/* End PBXProject section */

/* Begin PBXResourcesBuildPhase section */
		8DC2EF520486A6940098B216 /* Resources */ = {
			isa = PBXResourcesBuildPhase;
			buildActionMask = 2147483647;
			files = (
			);
			runOnlyForDeploymentPostprocessing = 0;
		};
/* End PBXResourcesBuildPhase section */

/* Begin PBXSourcesBuildPhase section */
		8DC2EF540486A6940098B216 /* Sources */ = {
			isa = PBXSourcesBuildPhase;
			buildActionMask = 2147483647;
			files = (
				AABB1F7A12833F9800F84FEB /* TMDB.m in Sources */,
				AAF438A012834E6600F5CC92 /* TMDBMovie.m in Sources */,
				AAF43A1112835F9400F5CC92 /* TMDBRequest.m in Sources */,
				AA9D9B7317B51EAA0016B954 /* TMDBConfiguration.m in Sources */,
				AA72F93719AB9B6000E68128 /* TMDBMovieSearch.m in Sources */,
				AA65EA92176E698E00D8C4D5 /* TMDBError.m in Sources */,
				AAFA3EB412863A78002B9E38 /* TMDBImage.m in Sources */,
				AA9D9B7D17B62E1B0016B954 /* TMDBLanguage.m in Sources */,
				AA3242CE12CBEF2F00063558 /* TMDBPerson.m in Sources */,
			);
			runOnlyForDeploymentPostprocessing = 0;
		};
		AA4B5D6F199647690007EE28 /* Sources */ = {
			isa = PBXSourcesBuildPhase;
			buildActionMask = 2147483647;
			files = (
				AA4B5D89199647E90007EE28 /* TMDB.m in Sources */,
				AA4B5D8A199647E90007EE28 /* TMDBError.m in Sources */,
				AA4B5D8C199647E90007EE28 /* TMDBConfiguration.m in Sources */,
				AA4B5D8D199647E90007EE28 /* TMDBMovie.m in Sources */,
				AA38A4DB1A06D9A100D424C6 /* TMDBMovieSearch.m in Sources */,
				AA4B5D8E199647E90007EE28 /* TMDBImage.m in Sources */,
				AA4B5D8F199647E90007EE28 /* TMDBPerson.m in Sources */,
				AA4B5D90199647E90007EE28 /* TMDBLanguage.m in Sources */,
				AA4B5D91199647E90007EE28 /* TMDBRequest.m in Sources */,
			);
			runOnlyForDeploymentPostprocessing = 0;
		};
/* End PBXSourcesBuildPhase section */

/* Begin PBXVariantGroup section */
		089C1666FE841158C02AAC07 /* InfoPlist.strings */ = {
			isa = PBXVariantGroup;
			children = (
				089C1667FE841158C02AAC07 /* English */,
			);
			name = InfoPlist.strings;
			sourceTree = "<group>";
		};
/* End PBXVariantGroup section */

/* Begin XCBuildConfiguration section */
		1DEB91AE08733DA50010E9CD /* Debug */ = {
			isa = XCBuildConfiguration;
			buildSettings = {
				ALWAYS_SEARCH_USER_PATHS = NO;
				CODE_SIGN_IDENTITY = "Mac Developer";
				COMBINE_HIDPI_IMAGES = YES;
				COPY_PHASE_STRIP = NO;
				DEFINES_MODULE = YES;
				DYLIB_COMPATIBILITY_VERSION = 1;
				DYLIB_CURRENT_VERSION = 1;
				FRAMEWORK_VERSION = A;
				GCC_DYNAMIC_NO_PIC = NO;
				GCC_OPTIMIZATION_LEVEL = 0;
				INFOPLIST_FILE = Info.plist;
				INSTALL_PATH = "@executable_path/../Frameworks";
				PRODUCT_NAME = iTMDb;
				WRAPPER_EXTENSION = framework;
			};
			name = Debug;
		};
		1DEB91AF08733DA50010E9CD /* Release */ = {
			isa = XCBuildConfiguration;
			buildSettings = {
				ALWAYS_SEARCH_USER_PATHS = NO;
				CODE_SIGN_IDENTITY = "Mac Developer";
				COMBINE_HIDPI_IMAGES = YES;
				DEFINES_MODULE = YES;
				DYLIB_COMPATIBILITY_VERSION = 1;
				DYLIB_CURRENT_VERSION = 1;
				FRAMEWORK_VERSION = A;
				INFOPLIST_FILE = Info.plist;
				INSTALL_PATH = "@executable_path/../Frameworks";
				PRODUCT_NAME = iTMDb;
				WRAPPER_EXTENSION = framework;
			};
			name = Release;
		};
		1DEB91B208733DA50010E9CD /* Debug */ = {
			isa = XCBuildConfiguration;
			buildSettings = {
				CLANG_CXX_LANGUAGE_STANDARD = "c++0x";
				CLANG_CXX_LIBRARY = "libc++";
				CLANG_ENABLE_MODULES = YES;
				CLANG_ENABLE_OBJC_ARC = YES;
				CLANG_MODULES_AUTOLINK = NO;
				CLANG_WARN_BOOL_CONVERSION = YES;
				CLANG_WARN_CONSTANT_CONVERSION = YES;
				CLANG_WARN_DIRECT_OBJC_ISA_USAGE = YES_ERROR;
				CLANG_WARN_EMPTY_BODY = YES;
				CLANG_WARN_ENUM_CONVERSION = YES;
				CLANG_WARN_INT_CONVERSION = YES;
				CLANG_WARN_OBJC_ROOT_CLASS = YES_ERROR;
				CLANG_WARN_UNREACHABLE_CODE = YES;
				CLANG_WARN__DUPLICATE_METHOD_MATCH = YES;
				COPY_PHASE_STRIP = NO;
				GCC_C_LANGUAGE_STANDARD = gnu11;
				GCC_DYNAMIC_NO_PIC = NO;
				GCC_OPTIMIZATION_LEVEL = 0;
				GCC_PRECOMPILE_PREFIX_HEADER = YES;
				GCC_PREFIX_HEADER = iTMDb_Prefix.pch;
				GCC_PREPROCESSOR_DEFINITIONS = (
					"DEBUG=1",
					"$(inherited)",
				);
				GCC_WARN_ABOUT_RETURN_TYPE = YES_ERROR;
				GCC_WARN_UNDECLARED_SELECTOR = YES;
				GCC_WARN_UNINITIALIZED_AUTOS = YES_AGGRESSIVE;
				GCC_WARN_UNUSED_FUNCTION = YES;
				GCC_WARN_UNUSED_VARIABLE = YES;
				IPHONEOS_DEPLOYMENT_TARGET = 7.0;
				MACOSX_DEPLOYMENT_TARGET = 10.8;
				ONLY_ACTIVE_ARCH = YES;
				SDKROOT = macosx;
			};
			name = Debug;
		};
		1DEB91B308733DA50010E9CD /* Release */ = {
			isa = XCBuildConfiguration;
			buildSettings = {
				CLANG_CXX_LANGUAGE_STANDARD = "c++0x";
				CLANG_CXX_LIBRARY = "libc++";
				CLANG_ENABLE_MODULES = YES;
				CLANG_ENABLE_OBJC_ARC = YES;
				CLANG_MODULES_AUTOLINK = NO;
				CLANG_WARN_BOOL_CONVERSION = YES;
				CLANG_WARN_CONSTANT_CONVERSION = YES;
				CLANG_WARN_DIRECT_OBJC_ISA_USAGE = YES_ERROR;
				CLANG_WARN_EMPTY_BODY = YES;
				CLANG_WARN_ENUM_CONVERSION = YES;
				CLANG_WARN_INT_CONVERSION = YES;
				CLANG_WARN_OBJC_ROOT_CLASS = YES_ERROR;
				CLANG_WARN_UNREACHABLE_CODE = YES;
				CLANG_WARN__DUPLICATE_METHOD_MATCH = YES;
				COPY_PHASE_STRIP = YES;
				DEBUG_INFORMATION_FORMAT = "dwarf-with-dsym";
				ENABLE_NS_ASSERTIONS = NO;
				ENABLE_STRICT_OBJC_MSGSEND = YES;
				GCC_C_LANGUAGE_STANDARD = gnu11;
				GCC_PRECOMPILE_PREFIX_HEADER = YES;
				GCC_PREFIX_HEADER = iTMDb_Prefix.pch;
				GCC_WARN_ABOUT_RETURN_TYPE = YES_ERROR;
				GCC_WARN_UNDECLARED_SELECTOR = YES;
				GCC_WARN_UNINITIALIZED_AUTOS = YES_AGGRESSIVE;
				GCC_WARN_UNUSED_FUNCTION = YES;
				GCC_WARN_UNUSED_VARIABLE = YES;
				IPHONEOS_DEPLOYMENT_TARGET = 7.0;
				MACOSX_DEPLOYMENT_TARGET = 10.8;
				SDKROOT = macosx;
				VALIDATE_PRODUCT = YES;
			};
			name = Release;
		};
		AA4B5D821996476A0007EE28 /* Debug */ = {
			isa = XCBuildConfiguration;
			buildSettings = {
				ALWAYS_SEARCH_USER_PATHS = NO;
				GCC_SYMBOLS_PRIVATE_EXTERN = NO;
				GCC_WARN_64_TO_32_BIT_CONVERSION = YES;
				IPHONEOS_DEPLOYMENT_TARGET = 7.0;
				MTL_ENABLE_DEBUG_INFO = YES;
				OTHER_LDFLAGS = "-ObjC";
				PRODUCT_NAME = iTMDb;
				SDKROOT = iphoneos;
				SKIP_INSTALL = YES;
			};
			name = Debug;
		};
		AA4B5D831996476A0007EE28 /* Release */ = {
			isa = XCBuildConfiguration;
			buildSettings = {
				ALWAYS_SEARCH_USER_PATHS = NO;
				GCC_WARN_64_TO_32_BIT_CONVERSION = YES;
				IPHONEOS_DEPLOYMENT_TARGET = 7.0;
				MTL_ENABLE_DEBUG_INFO = NO;
				OTHER_LDFLAGS = "-ObjC";
				PRODUCT_NAME = iTMDb;
				SDKROOT = iphoneos;
				SKIP_INSTALL = YES;
			};
			name = Release;
		};
/* End XCBuildConfiguration section */

/* Begin XCConfigurationList section */
		1DEB91AD08733DA50010E9CD /* Build configuration list for PBXNativeTarget "iTMDb" */ = {
			isa = XCConfigurationList;
			buildConfigurations = (
				1DEB91AE08733DA50010E9CD /* Debug */,
				1DEB91AF08733DA50010E9CD /* Release */,
			);
			defaultConfigurationIsVisible = 0;
			defaultConfigurationName = Release;
		};
		1DEB91B108733DA50010E9CD /* Build configuration list for PBXProject "iTMDb" */ = {
			isa = XCConfigurationList;
			buildConfigurations = (
				1DEB91B208733DA50010E9CD /* Debug */,
				1DEB91B308733DA50010E9CD /* Release */,
			);
			defaultConfigurationIsVisible = 0;
			defaultConfigurationName = Release;
		};
		AA4B5D811996476A0007EE28 /* Build configuration list for PBXNativeTarget "iTMDb-static" */ = {
			isa = XCConfigurationList;
			buildConfigurations = (
				AA4B5D821996476A0007EE28 /* Debug */,
				AA4B5D831996476A0007EE28 /* Release */,
			);
			defaultConfigurationIsVisible = 0;
			defaultConfigurationName = Release;
		};
/* End XCConfigurationList section */
	};
	rootObject = 0867D690FE84028FC02AAC07 /* Project object */;
}
