// !$*UTF8*$!
{
	archiveVersion = 1;
	classes = {
	};
	objectVersion = 46;
	objects = {

/* Begin PBXBuildFile section */
		AA114AC719965546007DB70E /* iTMDb.framework in Copy Frameworks */ = {isa = PBXBuildFile; fileRef = AA4B5DBB19964B310007EE28 /* iTMDb.framework */; settings = {ATTRIBUTES = (CodeSignOnCopy, RemoveHeadersOnCopy, ); }; };
		AA4B5DBE19964B550007EE28 /* iTMDb.framework in Frameworks */ = {isa = PBXBuildFile; fileRef = AA4B5DBB19964B310007EE28 /* iTMDb.framework */; };
		AA52449217F36866000AECAD /* TMDBImageView.m in Sources */ = {isa = PBXBuildFile; fileRef = AA52449117F36866000AECAD /* TMDBImageView.m */; };
		AA52449517F369E7000AECAD /* TMDBImageViewItem.m in Sources */ = {isa = PBXBuildFile; fileRef = AA52449417F369E7000AECAD /* TMDBImageViewItem.m */; };
		AA58F42B1948E0B300C8C26D /* TMDBCollectionView.m in Sources */ = {isa = PBXBuildFile; fileRef = AA58F42A1948E0B300C8C26D /* TMDBCollectionView.m */; };
		AA58F42D1948E0FA00C8C26D /* TMDBImageViewItem.xib in Resources */ = {isa = PBXBuildFile; fileRef = AA58F42C1948E0FA00C8C26D /* TMDBImageViewItem.xib */; };
		AAA5D52114829C9700BD9791 /* Cocoa.framework in Frameworks */ = {isa = PBXBuildFile; fileRef = AAA5D52014829C9700BD9791 /* Cocoa.framework */; };
		AAA5D52B14829C9700BD9791 /* InfoPlist.strings in Resources */ = {isa = PBXBuildFile; fileRef = AAA5D52914829C9700BD9791 /* InfoPlist.strings */; };
		AAA5D52D14829C9700BD9791 /* main.m in Sources */ = {isa = PBXBuildFile; fileRef = AAA5D52C14829C9700BD9791 /* main.m */; };
		AAA5D53114829C9700BD9791 /* Credits.rtf in Resources */ = {isa = PBXBuildFile; fileRef = AAA5D52F14829C9700BD9791 /* Credits.rtf */; };
		AAA5D54814829DB900BD9791 /* DemoAppDelegate.m in Sources */ = {isa = PBXBuildFile; fileRef = AAA5D54714829DB900BD9791 /* DemoAppDelegate.m */; };
		AAA5D54A14829DC000BD9791 /* MainMenu.xib in Resources */ = {isa = PBXBuildFile; fileRef = AAA5D54914829DC000BD9791 /* MainMenu.xib */; };
/* End PBXBuildFile section */

/* Begin PBXContainerItemProxy section */
		AA4B5DBA19964B310007EE28 /* PBXContainerItemProxy */ = {
			isa = PBXContainerItemProxy;
			containerPortal = AA4B5DB519964B310007EE28 /* iTMDb.xcodeproj */;
			proxyType = 2;
			remoteGlobalIDString = 8DC2EF5B0486A6940098B216;
			remoteInfo = iTMDb;
		};
		AA4B5DBC19964B310007EE28 /* PBXContainerItemProxy */ = {
			isa = PBXContainerItemProxy;
			containerPortal = AA4B5DB519964B310007EE28 /* iTMDb.xcodeproj */;
			proxyType = 2;
			remoteGlobalIDString = AA4B5D73199647690007EE28;
			remoteInfo = "iTMDb-static";
		};
		AA4B5DBF19964B5A0007EE28 /* PBXContainerItemProxy */ = {
			isa = PBXContainerItemProxy;
			containerPortal = AA4B5DB519964B310007EE28 /* iTMDb.xcodeproj */;
			proxyType = 1;
			remoteGlobalIDString = 8DC2EF4F0486A6940098B216;
			remoteInfo = iTMDb;
		};
/* End PBXContainerItemProxy section */

/* Begin PBXCopyFilesBuildPhase section */
		AA114AC519965538007DB70E /* Copy Frameworks */ = {
			isa = PBXCopyFilesBuildPhase;
			buildActionMask = 2147483647;
			dstPath = "";
			dstSubfolderSpec = 10;
			files = (
				AA114AC719965546007DB70E /* iTMDb.framework in Copy Frameworks */,
			);
			name = "Copy Frameworks";
			runOnlyForDeploymentPostprocessing = 0;
		};
/* End PBXCopyFilesBuildPhase section */

/* Begin PBXFileReference section */
		AA4B5DB519964B310007EE28 /* iTMDb.xcodeproj */ = {isa = PBXFileReference; lastKnownFileType = "wrapper.pb-project"; name = iTMDb.xcodeproj; path = ../iTMDb/iTMDb.xcodeproj; sourceTree = "<group>"; };
		AA52449017F36866000AECAD /* TMDBImageView.h */ = {isa = PBXFileReference; fileEncoding = 4; lastKnownFileType = sourcecode.c.h; path = TMDBImageView.h; sourceTree = "<group>"; };
		AA52449117F36866000AECAD /* TMDBImageView.m */ = {isa = PBXFileReference; fileEncoding = 4; lastKnownFileType = sourcecode.c.objc; path = TMDBImageView.m; sourceTree = "<group>"; };
		AA52449317F369E7000AECAD /* TMDBImageViewItem.h */ = {isa = PBXFileReference; fileEncoding = 4; lastKnownFileType = sourcecode.c.h; path = TMDBImageViewItem.h; sourceTree = "<group>"; };
		AA52449417F369E7000AECAD /* TMDBImageViewItem.m */ = {isa = PBXFileReference; fileEncoding = 4; lastKnownFileType = sourcecode.c.objc; path = TMDBImageViewItem.m; sourceTree = "<group>"; };
		AA52449717F60708000AECAD /* Mac Demo.entitlements */ = {isa = PBXFileReference; lastKnownFileType = text.xml; path = "Mac Demo.entitlements"; sourceTree = "<group>"; };
		AA58F4291948E0B300C8C26D /* TMDBCollectionView.h */ = {isa = PBXFileReference; fileEncoding = 4; lastKnownFileType = sourcecode.c.h; path = TMDBCollectionView.h; sourceTree = "<group>"; };
		AA58F42A1948E0B300C8C26D /* TMDBCollectionView.m */ = {isa = PBXFileReference; fileEncoding = 4; lastKnownFileType = sourcecode.c.objc; path = TMDBCollectionView.m; sourceTree = "<group>"; };
		AA58F42C1948E0FA00C8C26D /* TMDBImageViewItem.xib */ = {isa = PBXFileReference; fileEncoding = 4; lastKnownFileType = file.xib; name = TMDBImageViewItem.xib; path = ../TMDBImageViewItem.xib; sourceTree = "<group>"; };
		AAA5D51C14829C9700BD9791 /* iTMDb Mac Demo.app */ = {isa = PBXFileReference; explicitFileType = wrapper.application; includeInIndex = 0; path = "iTMDb Mac Demo.app"; sourceTree = BUILT_PRODUCTS_DIR; };
		AAA5D52014829C9700BD9791 /* Cocoa.framework */ = {isa = PBXFileReference; lastKnownFileType = wrapper.framework; name = Cocoa.framework; path = System/Library/Frameworks/Cocoa.framework; sourceTree = SDKROOT; };
		AAA5D52314829C9700BD9791 /* AppKit.framework */ = {isa = PBXFileReference; lastKnownFileType = wrapper.framework; name = AppKit.framework; path = System/Library/Frameworks/AppKit.framework; sourceTree = SDKROOT; };
		AAA5D52514829C9700BD9791 /* Foundation.framework */ = {isa = PBXFileReference; lastKnownFileType = wrapper.framework; name = Foundation.framework; path = System/Library/Frameworks/Foundation.framework; sourceTree = SDKROOT; };
		AAA5D52A14829C9700BD9791 /* en */ = {isa = PBXFileReference; lastKnownFileType = text.plist.strings; name = en; path = en.lproj/InfoPlist.strings; sourceTree = "<group>"; };
		AAA5D52C14829C9700BD9791 /* main.m */ = {isa = PBXFileReference; lastKnownFileType = sourcecode.c.objc; path = main.m; sourceTree = "<group>"; };
		AAA5D53014829C9700BD9791 /* en */ = {isa = PBXFileReference; lastKnownFileType = text.rtf; name = en; path = en.lproj/Credits.rtf; sourceTree = "<group>"; };
		AAA5D54614829DB900BD9791 /* DemoAppDelegate.h */ = {isa = PBXFileReference; fileEncoding = 4; lastKnownFileType = sourcecode.c.h; name = DemoAppDelegate.h; path = Classes/DemoAppDelegate.h; sourceTree = "<group>"; };
		AAA5D54714829DB900BD9791 /* DemoAppDelegate.m */ = {isa = PBXFileReference; fileEncoding = 4; lastKnownFileType = sourcecode.c.objc; name = DemoAppDelegate.m; path = Classes/DemoAppDelegate.m; sourceTree = "<group>"; };
		AAA5D54914829DC000BD9791 /* MainMenu.xib */ = {isa = PBXFileReference; fileEncoding = 4; lastKnownFileType = file.xib; path = MainMenu.xib; sourceTree = "<group>"; };
		AAA5D54B14829DC700BD9791 /* Info.plist */ = {isa = PBXFileReference; fileEncoding = 4; lastKnownFileType = text.plist.xml; path = Info.plist; sourceTree = "<group>"; };
/* End PBXFileReference section */

/* Begin PBXFrameworksBuildPhase section */
		AAA5D51914829C9700BD9791 /* Frameworks */ = {
			isa = PBXFrameworksBuildPhase;
			buildActionMask = 2147483647;
			files = (
				AAA5D52114829C9700BD9791 /* Cocoa.framework in Frameworks */,
				AA4B5DBE19964B550007EE28 /* iTMDb.framework in Frameworks */,
			);
			runOnlyForDeploymentPostprocessing = 0;
		};
/* End PBXFrameworksBuildPhase section */

/* Begin PBXGroup section */
		AA4B5DB619964B310007EE28 /* Products */ = {
			isa = PBXGroup;
			children = (
				AA4B5DBB19964B310007EE28 /* iTMDb.framework */,
				AA4B5DBD19964B310007EE28 /* libiTMDb.a */,
			);
			name = Products;
			sourceTree = "<group>";
		};
		AA52449617F36A13000AECAD /* Image View */ = {
			isa = PBXGroup;
			children = (
				AA58F4291948E0B300C8C26D /* TMDBCollectionView.h */,
				AA58F42A1948E0B300C8C26D /* TMDBCollectionView.m */,
				AA52449317F369E7000AECAD /* TMDBImageViewItem.h */,
				AA52449417F369E7000AECAD /* TMDBImageViewItem.m */,
				AA58F42C1948E0FA00C8C26D /* TMDBImageViewItem.xib */,
				AA52449017F36866000AECAD /* TMDBImageView.h */,
				AA52449117F36866000AECAD /* TMDBImageView.m */,
			);
			name = "Image View";
			path = Classes;
			sourceTree = "<group>";
		};
		AAA5D51114829C9700BD9791 = {
			isa = PBXGroup;
			children = (
				AAA5D52614829C9700BD9791 /* iTMDb Mac Demo */,
				AAA5D51F14829C9700BD9791 /* Frameworks */,
				AAA5D51D14829C9700BD9791 /* Products */,
			);
			sourceTree = "<group>";
		};
		AAA5D51D14829C9700BD9791 /* Products */ = {
			isa = PBXGroup;
			children = (
				AAA5D51C14829C9700BD9791 /* iTMDb Mac Demo.app */,
			);
			name = Products;
			sourceTree = "<group>";
		};
		AAA5D51F14829C9700BD9791 /* Frameworks */ = {
			isa = PBXGroup;
			children = (
				AA4B5DB519964B310007EE28 /* iTMDb.xcodeproj */,
				AAA5D52514829C9700BD9791 /* Foundation.framework */,
				AAA5D52014829C9700BD9791 /* Cocoa.framework */,
				AAA5D52314829C9700BD9791 /* AppKit.framework */,
			);
			name = Frameworks;
			sourceTree = "<group>";
		};
		AAA5D52614829C9700BD9791 /* iTMDb Mac Demo */ = {
			isa = PBXGroup;
			children = (
				AAA5D54614829DB900BD9791 /* DemoAppDelegate.h */,
				AAA5D54714829DB900BD9791 /* DemoAppDelegate.m */,
				AA52449617F36A13000AECAD /* Image View */,
				AAA5D52714829C9700BD9791 /* Supporting Files */,
			);
			path = "iTMDb Mac Demo";
			sourceTree = "<group>";
		};
		AAA5D52714829C9700BD9791 /* Supporting Files */ = {
			isa = PBXGroup;
			children = (
				AA52449717F60708000AECAD /* Mac Demo.entitlements */,
				AAA5D54B14829DC700BD9791 /* Info.plist */,
				AAA5D54914829DC000BD9791 /* MainMenu.xib */,
				AAA5D52914829C9700BD9791 /* InfoPlist.strings */,
				AAA5D52C14829C9700BD9791 /* main.m */,
				AAA5D52F14829C9700BD9791 /* Credits.rtf */,
			);
			name = "Supporting Files";
			sourceTree = "<group>";
		};
/* End PBXGroup section */

/* Begin PBXNativeTarget section */
		AAA5D51B14829C9700BD9791 /* iTMDb Mac Demo */ = {
			isa = PBXNativeTarget;
			buildConfigurationList = AAA5D53A14829C9700BD9791 /* Build configuration list for PBXNativeTarget "iTMDb Mac Demo" */;
			buildPhases = (
				AAA5D51814829C9700BD9791 /* Sources */,
				AAA5D51914829C9700BD9791 /* Frameworks */,
				AAA5D51A14829C9700BD9791 /* Resources */,
				AA114AC519965538007DB70E /* Copy Frameworks */,
			);
			buildRules = (
			);
			dependencies = (
				AA4B5DC019964B5A0007EE28 /* PBXTargetDependency */,
			);
			name = "iTMDb Mac Demo";
			productName = iTMDbDemo;
			productReference = AAA5D51C14829C9700BD9791 /* iTMDb Mac Demo.app */;
			productType = "com.apple.product-type.application";
		};
/* End PBXNativeTarget section */

/* Begin PBXProject section */
		AAA5D51314829C9700BD9791 /* Project object */ = {
			isa = PBXProject;
			attributes = {
				LastUpgradeCheck = 0600;
				ORGANIZATIONNAME = Devify;
				TargetAttributes = {
					AAA5D51B14829C9700BD9791 = {
						DevelopmentTeam = XNW8A6Y6CT;
						SystemCapabilities = {
							com.apple.Sandbox = {
								enabled = 1;
							};
						};
					};
				};
			};
			buildConfigurationList = AAA5D51614829C9700BD9791 /* Build configuration list for PBXProject "iTMDb Mac Demo" */;
			compatibilityVersion = "Xcode 3.2";
			developmentRegion = English;
			hasScannedForEncodings = 0;
			knownRegions = (
				en,
			);
			mainGroup = AAA5D51114829C9700BD9791;
			productRefGroup = AAA5D51D14829C9700BD9791 /* Products */;
			projectDirPath = "";
			projectReferences = (
				{
					ProductGroup = AA4B5DB619964B310007EE28 /* Products */;
					ProjectRef = AA4B5DB519964B310007EE28 /* iTMDb.xcodeproj */;
				},
			);
			projectRoot = "";
			targets = (
				AAA5D51B14829C9700BD9791 /* iTMDb Mac Demo */,
			);
		};
/* End PBXProject section */

/* Begin PBXReferenceProxy section */
		AA4B5DBB19964B310007EE28 /* iTMDb.framework */ = {
			isa = PBXReferenceProxy;
			fileType = wrapper.framework;
			path = iTMDb.framework;
			remoteRef = AA4B5DBA19964B310007EE28 /* PBXContainerItemProxy */;
			sourceTree = BUILT_PRODUCTS_DIR;
		};
		AA4B5DBD19964B310007EE28 /* libiTMDb.a */ = {
			isa = PBXReferenceProxy;
			fileType = archive.ar;
			path = libiTMDb.a;
			remoteRef = AA4B5DBC19964B310007EE28 /* PBXContainerItemProxy */;
			sourceTree = BUILT_PRODUCTS_DIR;
		};
/* End PBXReferenceProxy section */

/* Begin PBXResourcesBuildPhase section */
		AAA5D51A14829C9700BD9791 /* Resources */ = {
			isa = PBXResourcesBuildPhase;
			buildActionMask = 2147483647;
			files = (
				AA58F42D1948E0FA00C8C26D /* TMDBImageViewItem.xib in Resources */,
				AAA5D52B14829C9700BD9791 /* InfoPlist.strings in Resources */,
				AAA5D53114829C9700BD9791 /* Credits.rtf in Resources */,
				AAA5D54A14829DC000BD9791 /* MainMenu.xib in Resources */,
			);
			runOnlyForDeploymentPostprocessing = 0;
		};
/* End PBXResourcesBuildPhase section */

/* Begin PBXSourcesBuildPhase section */
		AAA5D51814829C9700BD9791 /* Sources */ = {
			isa = PBXSourcesBuildPhase;
			buildActionMask = 2147483647;
			files = (
				AAA5D52D14829C9700BD9791 /* main.m in Sources */,
				AAA5D54814829DB900BD9791 /* DemoAppDelegate.m in Sources */,
				AA52449517F369E7000AECAD /* TMDBImageViewItem.m in Sources */,
				AA58F42B1948E0B300C8C26D /* TMDBCollectionView.m in Sources */,
				AA52449217F36866000AECAD /* TMDBImageView.m in Sources */,
			);
			runOnlyForDeploymentPostprocessing = 0;
		};
/* End PBXSourcesBuildPhase section */

/* Begin PBXTargetDependency section */
		AA4B5DC019964B5A0007EE28 /* PBXTargetDependency */ = {
			isa = PBXTargetDependency;
			name = iTMDb;
			targetProxy = AA4B5DBF19964B5A0007EE28 /* PBXContainerItemProxy */;
		};
/* End PBXTargetDependency section */

/* Begin PBXVariantGroup section */
		AAA5D52914829C9700BD9791 /* InfoPlist.strings */ = {
			isa = PBXVariantGroup;
			children = (
				AAA5D52A14829C9700BD9791 /* en */,
			);
			name = InfoPlist.strings;
			sourceTree = "<group>";
		};
		AAA5D52F14829C9700BD9791 /* Credits.rtf */ = {
			isa = PBXVariantGroup;
			children = (
				AAA5D53014829C9700BD9791 /* en */,
			);
			name = Credits.rtf;
			sourceTree = "<group>";
		};
/* End PBXVariantGroup section */

/* Begin XCBuildConfiguration section */
		AAA5D53814829C9700BD9791 /* Debug */ = {
			isa = XCBuildConfiguration;
			buildSettings = {
				ALWAYS_SEARCH_USER_PATHS = NO;
				CLANG_ENABLE_MODULES = YES;
				CLANG_ENABLE_OBJC_ARC = YES;
				CLANG_MODULES_AUTOLINK = NO;
				CLANG_WARN_BOOL_CONVERSION = YES;
				CLANG_WARN_CONSTANT_CONVERSION = YES;
				CLANG_WARN_EMPTY_BODY = YES;
				CLANG_WARN_ENUM_CONVERSION = YES;
				CLANG_WARN_INT_CONVERSION = YES;
				CLANG_WARN_UNREACHABLE_CODE = YES;
				CLANG_WARN__DUPLICATE_METHOD_MATCH = YES;
				COPY_PHASE_STRIP = NO;
				ENABLE_STRICT_OBJC_MSGSEND = YES;
				GCC_C_LANGUAGE_STANDARD = gnu11;
				GCC_DYNAMIC_NO_PIC = NO;
				GCC_ENABLE_OBJC_EXCEPTIONS = YES;
				GCC_OPTIMIZATION_LEVEL = 0;
				GCC_PREPROCESSOR_DEFINITIONS = (
					"DEBUG=1",
					"$(inherited)",
				);
				GCC_SYMBOLS_PRIVATE_EXTERN = NO;
				GCC_VERSION = com.apple.compilers.llvm.clang.1_0;
				GCC_WARN_64_TO_32_BIT_CONVERSION = YES;
				GCC_WARN_ABOUT_MISSING_PROTOTYPES = YES;
				GCC_WARN_ABOUT_RETURN_TYPE = YES;
				GCC_WARN_UNDECLARED_SELECTOR = YES;
				GCC_WARN_UNINITIALIZED_AUTOS = YES;
				GCC_WARN_UNUSED_FUNCTION = YES;
				GCC_WARN_UNUSED_VARIABLE = YES;
				MACOSX_DEPLOYMENT_TARGET = 10.7;
				ONLY_ACTIVE_ARCH = YES;
				SDKROOT = macosx;
			};
			name = Debug;
		};
		AAA5D53914829C9700BD9791 /* Release */ = {
			isa = XCBuildConfiguration;
			buildSettings = {
				ALWAYS_SEARCH_USER_PATHS = NO;
				CLANG_ENABLE_MODULES = YES;
				CLANG_ENABLE_OBJC_ARC = YES;
				CLANG_MODULES_AUTOLINK = NO;
				CLANG_WARN_BOOL_CONVERSION = YES;
				CLANG_WARN_CONSTANT_CONVERSION = YES;
				CLANG_WARN_EMPTY_BODY = YES;
				CLANG_WARN_ENUM_CONVERSION = YES;
				CLANG_WARN_INT_CONVERSION = YES;
				CLANG_WARN_UNREACHABLE_CODE = YES;
				CLANG_WARN__DUPLICATE_METHOD_MATCH = YES;
				COPY_PHASE_STRIP = YES;
				DEBUG_INFORMATION_FORMAT = "dwarf-with-dsym";
				ENABLE_STRICT_OBJC_MSGSEND = YES;
				GCC_C_LANGUAGE_STANDARD = gnu11;
				GCC_ENABLE_OBJC_EXCEPTIONS = YES;
				GCC_VERSION = com.apple.compilers.llvm.clang.1_0;
				GCC_WARN_64_TO_32_BIT_CONVERSION = YES;
				GCC_WARN_ABOUT_MISSING_PROTOTYPES = YES;
				GCC_WARN_ABOUT_RETURN_TYPE = YES;
				GCC_WARN_UNDECLARED_SELECTOR = YES;
				GCC_WARN_UNINITIALIZED_AUTOS = YES;
				GCC_WARN_UNUSED_FUNCTION = YES;
				GCC_WARN_UNUSED_VARIABLE = YES;
				MACOSX_DEPLOYMENT_TARGET = 10.7;
				SDKROOT = macosx;
			};
			name = Release;
		};
		AAA5D53B14829C9700BD9791 /* Debug */ = {
			isa = XCBuildConfiguration;
			buildSettings = {
				CLANG_ENABLE_OBJC_ARC = YES;
				CODE_SIGN_ENTITLEMENTS = "iTMDb Mac Demo/Mac Demo.entitlements";
				CODE_SIGN_IDENTITY = "Mac Developer";
				COMBINE_HIDPI_IMAGES = YES;
				GCC_PRECOMPILE_PREFIX_HEADER = YES;
				INFOPLIST_FILE = "iTMDb Mac Demo/Info.plist";
				PRODUCT_NAME = "iTMDb Mac Demo";
				WRAPPER_EXTENSION = app;
			};
			name = Debug;
		};
		AAA5D53C14829C9700BD9791 /* Release */ = {
			isa = XCBuildConfiguration;
			buildSettings = {
				CLANG_ENABLE_OBJC_ARC = YES;
				CODE_SIGN_ENTITLEMENTS = "iTMDb Mac Demo/Mac Demo.entitlements";
				CODE_SIGN_IDENTITY = "Mac Developer";
				COMBINE_HIDPI_IMAGES = YES;
				GCC_PRECOMPILE_PREFIX_HEADER = YES;
				INFOPLIST_FILE = "iTMDb Mac Demo/Info.plist";
				PRODUCT_NAME = "iTMDb Mac Demo";
				WRAPPER_EXTENSION = app;
			};
			name = Release;
		};
/* End XCBuildConfiguration section */

/* Begin XCConfigurationList section */
		AAA5D51614829C9700BD9791 /* Build configuration list for PBXProject "iTMDb Mac Demo" */ = {
			isa = XCConfigurationList;
			buildConfigurations = (
				AAA5D53814829C9700BD9791 /* Debug */,
				AAA5D53914829C9700BD9791 /* Release */,
			);
			defaultConfigurationIsVisible = 0;
			defaultConfigurationName = Release;
		};
		AAA5D53A14829C9700BD9791 /* Build configuration list for PBXNativeTarget "iTMDb Mac Demo" */ = {
			isa = XCConfigurationList;
			buildConfigurations = (
				AAA5D53B14829C9700BD9791 /* Debug */,
				AAA5D53C14829C9700BD9791 /* Release */,
			);
			defaultConfigurationIsVisible = 0;
			defaultConfigurationName = Release;
		};
/* End XCConfigurationList section */
	};
	rootObject = AAA5D51314829C9700BD9791 /* Project object */;
}
