// !$*UTF8*$!
{
	archiveVersion = 1;
	classes = {
	};
	objectVersion = 47;
	objects = {

/* Begin PBXBuildFile section */
		AA0DF8FC199FB7E0005DC94E /* DMSettingsViewController.m in Sources */ = {isa = PBXBuildFile; fileRef = AA0DF8FB199FB7E0005DC94E /* DMSettingsViewController.m */; };
		AA0DF902199FC661005DC94E /* DMSettingsTextTableViewCell.m in Sources */ = {isa = PBXBuildFile; fileRef = AA0DF900199FC661005DC94E /* DMSettingsTextTableViewCell.m */; };
		AA0DF908199FE585005DC94E /* DMSettingsManager.m in Sources */ = {isa = PBXBuildFile; fileRef = AA0DF907199FE585005DC94E /* DMSettingsManager.m */; };
		AA1EC8191C8C607100D13478 /* iTMDb.framework in Frameworks */ = {isa = PBXBuildFile; fileRef = AA1EC8161C8C5F8300D13478 /* iTMDb.framework */; };
		AA1EC81A1C8C607100D13478 /* iTMDb.framework in Embed Frameworks */ = {isa = PBXBuildFile; fileRef = AA1EC8161C8C5F8300D13478 /* iTMDb.framework */; settings = {ATTRIBUTES = (CodeSignOnCopy, RemoveHeadersOnCopy, ); }; };
		AA1EC8201C8C60B800D13478 /* LaunchScreen.storyboard in Resources */ = {isa = PBXBuildFile; fileRef = AA1EC81E1C8C60B800D13478 /* LaunchScreen.storyboard */; };
		AA4B5D3C199640E10007EE28 /* main.m in Sources */ = {isa = PBXBuildFile; fileRef = AA4B5D3B199640E10007EE28 /* main.m */; };
		AA4B5D48199640E10007EE28 /* Main.storyboard in Resources */ = {isa = PBXBuildFile; fileRef = AA4B5D46199640E10007EE28 /* Main.storyboard */; };
		AA4B5D4A199640E10007EE28 /* Images.xcassets in Resources */ = {isa = PBXBuildFile; fileRef = AA4B5D49199640E10007EE28 /* Images.xcassets */; };
		AA4B5D661996427B0007EE28 /* DMAppDelegate.m in Sources */ = {isa = PBXBuildFile; fileRef = AA4B5D611996427B0007EE28 /* DMAppDelegate.m */; };
		AA4B5D671996427B0007EE28 /* DetailViewController.m in Sources */ = {isa = PBXBuildFile; fileRef = AA4B5D631996427B0007EE28 /* DetailViewController.m */; };
		AA4B5D681996427B0007EE28 /* DMSearchViewController.m in Sources */ = {isa = PBXBuildFile; fileRef = AA4B5D651996427B0007EE28 /* DMSearchViewController.m */; };
		AAC05ED019A1174E002221A3 /* Settings.plist in Resources */ = {isa = PBXBuildFile; fileRef = AAC05ECF19A1174E002221A3 /* Settings.plist */; };
		AAC05ED319A11905002221A3 /* DMSettingsItem.m in Sources */ = {isa = PBXBuildFile; fileRef = AAC05ED219A11905002221A3 /* DMSettingsItem.m */; };
		AAC05ED619A12592002221A3 /* DMSettingsTableViewCell.m in Sources */ = {isa = PBXBuildFile; fileRef = AAC05ED519A12592002221A3 /* DMSettingsTableViewCell.m */; };
		AAC05ED919A125E8002221A3 /* DMSettingsSwitchTableViewCell.m in Sources */ = {isa = PBXBuildFile; fileRef = AAC05ED819A125E8002221A3 /* DMSettingsSwitchTableViewCell.m */; };
		AAC05EDC19A12B35002221A3 /* DMSettingsNumberTableViewCell.m in Sources */ = {isa = PBXBuildFile; fileRef = AAC05EDB19A12B35002221A3 /* DMSettingsNumberTableViewCell.m */; };
		AAC05EE019A12F36002221A3 /* NSString+DMStringContainsOnlyNumbers.m in Sources */ = {isa = PBXBuildFile; fileRef = AAC05EDF19A12F36002221A3 /* NSString+DMStringContainsOnlyNumbers.m */; };
/* End PBXBuildFile section */

/* Begin PBXContainerItemProxy section */
		AA1EC8151C8C5F8300D13478 /* PBXContainerItemProxy */ = {
			isa = PBXContainerItemProxy;
			containerPortal = AA4B5DA619964AED0007EE28 /* iTMDb.xcodeproj */;
			proxyType = 2;
			remoteGlobalIDString = AA1EC8121C8C585600D13478;
			remoteInfo = "iTMDb (iOS framework)";
		};
		AA1EC8171C8C606000D13478 /* PBXContainerItemProxy */ = {
			isa = PBXContainerItemProxy;
			containerPortal = AA4B5DA619964AED0007EE28 /* iTMDb.xcodeproj */;
			proxyType = 1;
			remoteGlobalIDString = AA1EC7F41C8C585600D13478;
			remoteInfo = "iTMDb (iOS framework)";
		};
		AA1EC81B1C8C607100D13478 /* PBXContainerItemProxy */ = {
			isa = PBXContainerItemProxy;
			containerPortal = AA4B5DA619964AED0007EE28 /* iTMDb.xcodeproj */;
			proxyType = 1;
			remoteGlobalIDString = AA1EC7F41C8C585600D13478;
			remoteInfo = "iTMDb (iOS framework)";
		};
		AA4B5DAB19964AED0007EE28 /* PBXContainerItemProxy */ = {
			isa = PBXContainerItemProxy;
			containerPortal = AA4B5DA619964AED0007EE28 /* iTMDb.xcodeproj */;
			proxyType = 2;
			remoteGlobalIDString = 8DC2EF5B0486A6940098B216;
			remoteInfo = iTMDb;
		};
		AA4B5DAD19964AED0007EE28 /* PBXContainerItemProxy */ = {
			isa = PBXContainerItemProxy;
			containerPortal = AA4B5DA619964AED0007EE28 /* iTMDb.xcodeproj */;
			proxyType = 2;
			remoteGlobalIDString = AA4B5D73199647690007EE28;
			remoteInfo = "iTMDb-static";
		};
/* End PBXContainerItemProxy section */

/* Begin PBXCopyFilesBuildPhase section */
		AA1EC81D1C8C607200D13478 /* Embed Frameworks */ = {
			isa = PBXCopyFilesBuildPhase;
			buildActionMask = 2147483647;
			dstPath = "";
			dstSubfolderSpec = 10;
			files = (
				AA1EC81A1C8C607100D13478 /* iTMDb.framework in Embed Frameworks */,
			);
			name = "Embed Frameworks";
			runOnlyForDeploymentPostprocessing = 0;
		};
/* End PBXCopyFilesBuildPhase section */

/* Begin PBXFileReference section */
		AA0DF8FA199FB7E0005DC94E /* DMSettingsViewController.h */ = {isa = PBXFileReference; fileEncoding = 4; lastKnownFileType = sourcecode.c.h; path = DMSettingsViewController.h; sourceTree = "<group>"; };
		AA0DF8FB199FB7E0005DC94E /* DMSettingsViewController.m */ = {isa = PBXFileReference; fileEncoding = 4; lastKnownFileType = sourcecode.c.objc; path = DMSettingsViewController.m; sourceTree = "<group>"; };
		AA0DF8FF199FC661005DC94E /* DMSettingsTextTableViewCell.h */ = {isa = PBXFileReference; fileEncoding = 4; lastKnownFileType = sourcecode.c.h; path = DMSettingsTextTableViewCell.h; sourceTree = "<group>"; };
		AA0DF900199FC661005DC94E /* DMSettingsTextTableViewCell.m */ = {isa = PBXFileReference; fileEncoding = 4; lastKnownFileType = sourcecode.c.objc; path = DMSettingsTextTableViewCell.m; sourceTree = "<group>"; };
		AA0DF906199FE585005DC94E /* DMSettingsManager.h */ = {isa = PBXFileReference; fileEncoding = 4; lastKnownFileType = sourcecode.c.h; path = DMSettingsManager.h; sourceTree = "<group>"; };
		AA0DF907199FE585005DC94E /* DMSettingsManager.m */ = {isa = PBXFileReference; fileEncoding = 4; lastKnownFileType = sourcecode.c.objc; path = DMSettingsManager.m; sourceTree = "<group>"; };
		AA1EC81F1C8C60B800D13478 /* Base */ = {isa = PBXFileReference; lastKnownFileType = file.storyboard; name = Base; path = Base.lproj/LaunchScreen.storyboard; sourceTree = "<group>"; };
		AA4B5D36199640E10007EE28 /* iTMDb iOS Demo.app */ = {isa = PBXFileReference; explicitFileType = wrapper.application; includeInIndex = 0; path = "iTMDb iOS Demo.app"; sourceTree = BUILT_PRODUCTS_DIR; };
		AA4B5D3A199640E10007EE28 /* Info.plist */ = {isa = PBXFileReference; lastKnownFileType = text.plist.xml; path = Info.plist; sourceTree = "<group>"; };
		AA4B5D3B199640E10007EE28 /* main.m */ = {isa = PBXFileReference; lastKnownFileType = sourcecode.c.objc; path = main.m; sourceTree = "<group>"; };
		AA4B5D47199640E10007EE28 /* Base */ = {isa = PBXFileReference; lastKnownFileType = file.storyboard; name = Base; path = Base.lproj/Main.storyboard; sourceTree = "<group>"; };
		AA4B5D49199640E10007EE28 /* Images.xcassets */ = {isa = PBXFileReference; lastKnownFileType = folder.assetcatalog; path = Images.xcassets; sourceTree = "<group>"; };
		AA4B5D601996427B0007EE28 /* DMAppDelegate.h */ = {isa = PBXFileReference; fileEncoding = 4; lastKnownFileType = sourcecode.c.h; path = DMAppDelegate.h; sourceTree = "<group>"; };
		AA4B5D611996427B0007EE28 /* DMAppDelegate.m */ = {isa = PBXFileReference; fileEncoding = 4; lastKnownFileType = sourcecode.c.objc; path = DMAppDelegate.m; sourceTree = "<group>"; };
		AA4B5D621996427B0007EE28 /* DetailViewController.h */ = {isa = PBXFileReference; fileEncoding = 4; lastKnownFileType = sourcecode.c.h; path = DetailViewController.h; sourceTree = "<group>"; };
		AA4B5D631996427B0007EE28 /* DetailViewController.m */ = {isa = PBXFileReference; fileEncoding = 4; lastKnownFileType = sourcecode.c.objc; path = DetailViewController.m; sourceTree = "<group>"; };
		AA4B5D641996427B0007EE28 /* DMSearchViewController.h */ = {isa = PBXFileReference; fileEncoding = 4; lastKnownFileType = sourcecode.c.h; path = DMSearchViewController.h; sourceTree = "<group>"; };
		AA4B5D651996427B0007EE28 /* DMSearchViewController.m */ = {isa = PBXFileReference; fileEncoding = 4; lastKnownFileType = sourcecode.c.objc; path = DMSearchViewController.m; sourceTree = "<group>"; };
		AA4B5DA619964AED0007EE28 /* iTMDb.xcodeproj */ = {isa = PBXFileReference; lastKnownFileType = "wrapper.pb-project"; name = iTMDb.xcodeproj; path = ../iTMDb/iTMDb.xcodeproj; sourceTree = "<group>"; };
		AAC05ECF19A1174E002221A3 /* Settings.plist */ = {isa = PBXFileReference; fileEncoding = 4; lastKnownFileType = text.plist.xml; path = Settings.plist; sourceTree = "<group>"; };
		AAC05ED119A11905002221A3 /* DMSettingsItem.h */ = {isa = PBXFileReference; fileEncoding = 4; lastKnownFileType = sourcecode.c.h; path = DMSettingsItem.h; sourceTree = "<group>"; };
		AAC05ED219A11905002221A3 /* DMSettingsItem.m */ = {isa = PBXFileReference; fileEncoding = 4; lastKnownFileType = sourcecode.c.objc; path = DMSettingsItem.m; sourceTree = "<group>"; };
		AAC05ED419A12592002221A3 /* DMSettingsTableViewCell.h */ = {isa = PBXFileReference; fileEncoding = 4; lastKnownFileType = sourcecode.c.h; path = DMSettingsTableViewCell.h; sourceTree = "<group>"; };
		AAC05ED519A12592002221A3 /* DMSettingsTableViewCell.m */ = {isa = PBXFileReference; fileEncoding = 4; lastKnownFileType = sourcecode.c.objc; path = DMSettingsTableViewCell.m; sourceTree = "<group>"; };
		AAC05ED719A125E8002221A3 /* DMSettingsSwitchTableViewCell.h */ = {isa = PBXFileReference; fileEncoding = 4; lastKnownFileType = sourcecode.c.h; path = DMSettingsSwitchTableViewCell.h; sourceTree = "<group>"; };
		AAC05ED819A125E8002221A3 /* DMSettingsSwitchTableViewCell.m */ = {isa = PBXFileReference; fileEncoding = 4; lastKnownFileType = sourcecode.c.objc; path = DMSettingsSwitchTableViewCell.m; sourceTree = "<group>"; };
		AAC05EDA19A12B35002221A3 /* DMSettingsNumberTableViewCell.h */ = {isa = PBXFileReference; fileEncoding = 4; lastKnownFileType = sourcecode.c.h; path = DMSettingsNumberTableViewCell.h; sourceTree = "<group>"; };
		AAC05EDB19A12B35002221A3 /* DMSettingsNumberTableViewCell.m */ = {isa = PBXFileReference; fileEncoding = 4; lastKnownFileType = sourcecode.c.objc; path = DMSettingsNumberTableViewCell.m; sourceTree = "<group>"; };
		AAC05EDE19A12F36002221A3 /* NSString+DMStringContainsOnlyNumbers.h */ = {isa = PBXFileReference; fileEncoding = 4; lastKnownFileType = sourcecode.c.h; path = "NSString+DMStringContainsOnlyNumbers.h"; sourceTree = "<group>"; };
		AAC05EDF19A12F36002221A3 /* NSString+DMStringContainsOnlyNumbers.m */ = {isa = PBXFileReference; fileEncoding = 4; lastKnownFileType = sourcecode.c.objc; path = "NSString+DMStringContainsOnlyNumbers.m"; sourceTree = "<group>"; };
/* End PBXFileReference section */

/* Begin PBXFrameworksBuildPhase section */
		AA4B5D33199640E10007EE28 /* Frameworks */ = {
			isa = PBXFrameworksBuildPhase;
			buildActionMask = 2147483647;
			files = (
				AA1EC8191C8C607100D13478 /* iTMDb.framework in Frameworks */,
			);
			runOnlyForDeploymentPostprocessing = 0;
		};
/* End PBXFrameworksBuildPhase section */

/* Begin PBXGroup section */
		AA0DF8F8199FB7BF005DC94E /* Settings */ = {
			isa = PBXGroup;
			children = (
				AA0DF8FA199FB7E0005DC94E /* DMSettingsViewController.h */,
				AA0DF8FB199FB7E0005DC94E /* DMSettingsViewController.m */,
			);
			name = Settings;
			sourceTree = "<group>";
		};
		AA0DF8FD199FC63B005DC94E /* View Controllers */ = {
			isa = PBXGroup;
			children = (
				AA4B5D641996427B0007EE28 /* DMSearchViewController.h */,
				AA4B5D651996427B0007EE28 /* DMSearchViewController.m */,
				AA4B5D621996427B0007EE28 /* DetailViewController.h */,
				AA4B5D631996427B0007EE28 /* DetailViewController.m */,
				AA0DF8F8199FB7BF005DC94E /* Settings */,
			);
			name = "View Controllers";
			sourceTree = "<group>";
		};
		AA0DF8FE199FC641005DC94E /* Views */ = {
			isa = PBXGroup;
			children = (
				AA0DF904199FC66A005DC94E /* Cells */,
			);
			name = Views;
			sourceTree = "<group>";
		};
		AA0DF904199FC66A005DC94E /* Cells */ = {
			isa = PBXGroup;
			children = (
				AAC05ED419A12592002221A3 /* DMSettingsTableViewCell.h */,
				AAC05ED519A12592002221A3 /* DMSettingsTableViewCell.m */,
				AA0DF8FF199FC661005DC94E /* DMSettingsTextTableViewCell.h */,
				AA0DF900199FC661005DC94E /* DMSettingsTextTableViewCell.m */,
				AAC05ED719A125E8002221A3 /* DMSettingsSwitchTableViewCell.h */,
				AAC05ED819A125E8002221A3 /* DMSettingsSwitchTableViewCell.m */,
				AAC05EDA19A12B35002221A3 /* DMSettingsNumberTableViewCell.h */,
				AAC05EDB19A12B35002221A3 /* DMSettingsNumberTableViewCell.m */,
			);
			name = Cells;
			sourceTree = "<group>";
		};
		AA0DF905199FE563005DC94E /* Models */ = {
			isa = PBXGroup;
			children = (
				AAC05EDD19A12EFE002221A3 /* Categories */,
				AA0DF906199FE585005DC94E /* DMSettingsManager.h */,
				AA0DF907199FE585005DC94E /* DMSettingsManager.m */,
				AAC05ED119A11905002221A3 /* DMSettingsItem.h */,
				AAC05ED219A11905002221A3 /* DMSettingsItem.m */,
			);
			name = Models;
			sourceTree = "<group>";
		};
		AA4B5D2D199640E10007EE28 = {
			isa = PBXGroup;
			children = (
				AA4B5D38199640E10007EE28 /* iTMDb iOS Demo */,
				AA4B5D6C199646D00007EE28 /* Frameworks */,
				AA4B5D37199640E10007EE28 /* Products */,
			);
			sourceTree = "<group>";
		};
		AA4B5D37199640E10007EE28 /* Products */ = {
			isa = PBXGroup;
			children = (
				AA4B5D36199640E10007EE28 /* iTMDb iOS Demo.app */,
			);
			name = Products;
			sourceTree = "<group>";
		};
		AA4B5D38199640E10007EE28 /* iTMDb iOS Demo */ = {
			isa = PBXGroup;
			children = (
				AA4B5D5F1996427B0007EE28 /* Classes */,
				AA4B5D69199642890007EE28 /* Resources */,
				AA4B5D39199640E10007EE28 /* Supporting Files */,
			);
			path = "iTMDb iOS Demo";
			sourceTree = "<group>";
		};
		AA4B5D39199640E10007EE28 /* Supporting Files */ = {
			isa = PBXGroup;
			children = (
				AA4B5D3A199640E10007EE28 /* Info.plist */,
				AA4B5D3B199640E10007EE28 /* main.m */,
			);
			name = "Supporting Files";
			sourceTree = "<group>";
		};
		AA4B5D5F1996427B0007EE28 /* Classes */ = {
			isa = PBXGroup;
			children = (
				AA4B5D601996427B0007EE28 /* DMAppDelegate.h */,
				AA4B5D611996427B0007EE28 /* DMAppDelegate.m */,
				AA0DF905199FE563005DC94E /* Models */,
				AA0DF8FD199FC63B005DC94E /* View Controllers */,
				AA0DF8FE199FC641005DC94E /* Views */,
			);
			path = Classes;
			sourceTree = "<group>";
		};
		AA4B5D69199642890007EE28 /* Resources */ = {
			isa = PBXGroup;
			children = (
				AA4B5D46199640E10007EE28 /* Main.storyboard */,
				AA1EC81E1C8C60B800D13478 /* LaunchScreen.storyboard */,
				AA4B5D49199640E10007EE28 /* Images.xcassets */,
				AAC05ECF19A1174E002221A3 /* Settings.plist */,
			);
			name = Resources;
			sourceTree = "<group>";
		};
		AA4B5D6C199646D00007EE28 /* Frameworks */ = {
			isa = PBXGroup;
			children = (
				AA4B5DA619964AED0007EE28 /* iTMDb.xcodeproj */,
			);
			name = Frameworks;
			sourceTree = "<group>";
		};
		AA4B5DA719964AED0007EE28 /* Products */ = {
			isa = PBXGroup;
			children = (
				AA4B5DAC19964AED0007EE28 /* iTMDb.framework */,
				AA4B5DAE19964AED0007EE28 /* libiTMDb.a */,
				AA1EC8161C8C5F8300D13478 /* iTMDb.framework */,
			);
			name = Products;
			sourceTree = "<group>";
		};
		AAC05EDD19A12EFE002221A3 /* Categories */ = {
			isa = PBXGroup;
			children = (
				AAC05EDE19A12F36002221A3 /* NSString+DMStringContainsOnlyNumbers.h */,
				AAC05EDF19A12F36002221A3 /* NSString+DMStringContainsOnlyNumbers.m */,
			);
			name = Categories;
			sourceTree = "<group>";
		};
/* End PBXGroup section */

/* Begin PBXNativeTarget section */
		AA4B5D35199640E10007EE28 /* iTMDb iOS Demo */ = {
			isa = PBXNativeTarget;
			buildConfigurationList = AA4B5D59199640E10007EE28 /* Build configuration list for PBXNativeTarget "iTMDb iOS Demo" */;
			buildPhases = (
				AA4B5D32199640E10007EE28 /* Sources */,
				AA4B5D33199640E10007EE28 /* Frameworks */,
				AA4B5D34199640E10007EE28 /* Resources */,
				AA1EC81D1C8C607200D13478 /* Embed Frameworks */,
			);
			buildRules = (
			);
			dependencies = (
				AA1EC8181C8C606000D13478 /* PBXTargetDependency */,
				AA1EC81C1C8C607100D13478 /* PBXTargetDependency */,
			);
			name = "iTMDb iOS Demo";
			productName = "iTMDb iOS Demo";
			productReference = AA4B5D36199640E10007EE28 /* iTMDb iOS Demo.app */;
			productType = "com.apple.product-type.application";
		};
/* End PBXNativeTarget section */

/* Begin PBXProject section */
		AA4B5D2E199640E10007EE28 /* Project object */ = {
			isa = PBXProject;
			attributes = {
				CLASSPREFIX = DM;
				LastUpgradeCheck = 0730;
				ORGANIZATIONNAME = Devify;
				TargetAttributes = {
					AA4B5D35199640E10007EE28 = {
						CreatedOnToolsVersion = 6.0;
					};
				};
			};
			buildConfigurationList = AA4B5D31199640E10007EE28 /* Build configuration list for PBXProject "iTMDb iOS Demo" */;
			compatibilityVersion = "Xcode 6.3";
			developmentRegion = English;
			hasScannedForEncodings = 0;
			knownRegions = (
				en,
				Base,
			);
			mainGroup = AA4B5D2D199640E10007EE28;
			productRefGroup = AA4B5D37199640E10007EE28 /* Products */;
			projectDirPath = "";
			projectReferences = (
				{
					ProductGroup = AA4B5DA719964AED0007EE28 /* Products */;
					ProjectRef = AA4B5DA619964AED0007EE28 /* iTMDb.xcodeproj */;
				},
			);
			projectRoot = "";
			targets = (
				AA4B5D35199640E10007EE28 /* iTMDb iOS Demo */,
			);
		};
/* End PBXProject section */

/* Begin PBXReferenceProxy section */
		AA1EC8161C8C5F8300D13478 /* iTMDb.framework */ = {
			isa = PBXReferenceProxy;
			fileType = wrapper.framework;
			path = iTMDb.framework;
			remoteRef = AA1EC8151C8C5F8300D13478 /* PBXContainerItemProxy */;
			sourceTree = BUILT_PRODUCTS_DIR;
		};
		AA4B5DAC19964AED0007EE28 /* iTMDb.framework */ = {
			isa = PBXReferenceProxy;
			fileType = wrapper.framework;
			path = iTMDb.framework;
			remoteRef = AA4B5DAB19964AED0007EE28 /* PBXContainerItemProxy */;
			sourceTree = BUILT_PRODUCTS_DIR;
		};
		AA4B5DAE19964AED0007EE28 /* libiTMDb.a */ = {
			isa = PBXReferenceProxy;
			fileType = archive.ar;
			path = libiTMDb.a;
			remoteRef = AA4B5DAD19964AED0007EE28 /* PBXContainerItemProxy */;
			sourceTree = BUILT_PRODUCTS_DIR;
		};
/* End PBXReferenceProxy section */

/* Begin PBXResourcesBuildPhase section */
		AA4B5D34199640E10007EE28 /* Resources */ = {
			isa = PBXResourcesBuildPhase;
			buildActionMask = 2147483647;
			files = (
				AA4B5D48199640E10007EE28 /* Main.storyboard in Resources */,
				AA1EC8201C8C60B800D13478 /* LaunchScreen.storyboard in Resources */,
				AA4B5D4A199640E10007EE28 /* Images.xcassets in Resources */,
				AAC05ED019A1174E002221A3 /* Settings.plist in Resources */,
			);
			runOnlyForDeploymentPostprocessing = 0;
		};
/* End PBXResourcesBuildPhase section */

/* Begin PBXSourcesBuildPhase section */
		AA4B5D32199640E10007EE28 /* Sources */ = {
			isa = PBXSourcesBuildPhase;
			buildActionMask = 2147483647;
			files = (
				AA4B5D3C199640E10007EE28 /* main.m in Sources */,
				AA4B5D661996427B0007EE28 /* DMAppDelegate.m in Sources */,
				AA0DF908199FE585005DC94E /* DMSettingsManager.m in Sources */,
				AAC05ED319A11905002221A3 /* DMSettingsItem.m in Sources */,
				AAC05EE019A12F36002221A3 /* NSString+DMStringContainsOnlyNumbers.m in Sources */,
				AA4B5D681996427B0007EE28 /* DMSearchViewController.m in Sources */,
				AA4B5D671996427B0007EE28 /* DetailViewController.m in Sources */,
				AA0DF8FC199FB7E0005DC94E /* DMSettingsViewController.m in Sources */,
				AAC05ED619A12592002221A3 /* DMSettingsTableViewCell.m in Sources */,
				AA0DF902199FC661005DC94E /* DMSettingsTextTableViewCell.m in Sources */,
				AAC05ED919A125E8002221A3 /* DMSettingsSwitchTableViewCell.m in Sources */,
				AAC05EDC19A12B35002221A3 /* DMSettingsNumberTableViewCell.m in Sources */,
			);
			runOnlyForDeploymentPostprocessing = 0;
		};
/* End PBXSourcesBuildPhase section */

/* Begin PBXTargetDependency section */
		AA1EC8181C8C606000D13478 /* PBXTargetDependency */ = {
			isa = PBXTargetDependency;
			name = "iTMDb (iOS framework)";
			targetProxy = AA1EC8171C8C606000D13478 /* PBXContainerItemProxy */;
		};
		AA1EC81C1C8C607100D13478 /* PBXTargetDependency */ = {
			isa = PBXTargetDependency;
			name = "iTMDb (iOS framework)";
			targetProxy = AA1EC81B1C8C607100D13478 /* PBXContainerItemProxy */;
		};
/* End PBXTargetDependency section */

/* Begin PBXVariantGroup section */
		AA1EC81E1C8C60B800D13478 /* LaunchScreen.storyboard */ = {
			isa = PBXVariantGroup;
			children = (
				AA1EC81F1C8C60B800D13478 /* Base */,
			);
			name = LaunchScreen.storyboard;
			sourceTree = "<group>";
		};
		AA4B5D46199640E10007EE28 /* Main.storyboard */ = {
			isa = PBXVariantGroup;
			children = (
				AA4B5D47199640E10007EE28 /* Base */,
			);
			name = Main.storyboard;
			sourceTree = "<group>";
		};
/* End PBXVariantGroup section */

/* Begin XCBuildConfiguration section */
		AA4B5D57199640E10007EE28 /* Debug */ = {
			isa = XCBuildConfiguration;
			buildSettings = {
				ALWAYS_SEARCH_USER_PATHS = NO;
				CLANG_CXX_LANGUAGE_STANDARD = "gnu++0x";
				CLANG_CXX_LIBRARY = "libc++";
				CLANG_ENABLE_MODULES = YES;
				CLANG_ENABLE_OBJC_ARC = YES;
				CLANG_WARN_BOOL_CONVERSION = YES;
				CLANG_WARN_CONSTANT_CONVERSION = YES;
				CLANG_WARN_DIRECT_OBJC_ISA_USAGE = YES_ERROR;
				CLANG_WARN_EMPTY_BODY = YES;
				CLANG_WARN_ENUM_CONVERSION = YES;
				CLANG_WARN_INT_CONVERSION = YES;
				CLANG_WARN_OBJC_ROOT_CLASS = YES_ERROR;
				CLANG_WARN_UNREACHABLE_CODE = YES;
				CLANG_WARN__DUPLICATE_METHOD_MATCH = YES;
				CODE_SIGN_IDENTITY = "iPhone Developer";
				COPY_PHASE_STRIP = NO;
				ENABLE_STRICT_OBJC_MSGSEND = YES;
				ENABLE_TESTABILITY = YES;
				GCC_C_LANGUAGE_STANDARD = gnu99;
				GCC_DYNAMIC_NO_PIC = NO;
				GCC_OPTIMIZATION_LEVEL = 0;
				GCC_PREPROCESSOR_DEFINITIONS = (
					"DEBUG=1",
					"$(inherited)",
				);
				GCC_SYMBOLS_PRIVATE_EXTERN = NO;
				GCC_WARN_64_TO_32_BIT_CONVERSION = YES;
				GCC_WARN_ABOUT_RETURN_TYPE = YES_ERROR;
				GCC_WARN_UNDECLARED_SELECTOR = YES;
				GCC_WARN_UNINITIALIZED_AUTOS = YES_AGGRESSIVE;
				GCC_WARN_UNUSED_FUNCTION = YES;
				GCC_WARN_UNUSED_VARIABLE = YES;
				IPHONEOS_DEPLOYMENT_TARGET = 8.0;
				MTL_ENABLE_DEBUG_INFO = YES;
				ONLY_ACTIVE_ARCH = YES;
				SDKROOT = iphoneos;
			};
			name = Debug;
		};
		AA4B5D58199640E10007EE28 /* Release */ = {
			isa = XCBuildConfiguration;
			buildSettings = {
				ALWAYS_SEARCH_USER_PATHS = NO;
				CLANG_CXX_LANGUAGE_STANDARD = "gnu++0x";
				CLANG_CXX_LIBRARY = "libc++";
				CLANG_ENABLE_MODULES = YES;
				CLANG_ENABLE_OBJC_ARC = YES;
				CLANG_WARN_BOOL_CONVERSION = YES;
				CLANG_WARN_CONSTANT_CONVERSION = YES;
				CLANG_WARN_DIRECT_OBJC_ISA_USAGE = YES_ERROR;
				CLANG_WARN_EMPTY_BODY = YES;
				CLANG_WARN_ENUM_CONVERSION = YES;
				CLANG_WARN_INT_CONVERSION = YES;
				CLANG_WARN_OBJC_ROOT_CLASS = YES_ERROR;
				CLANG_WARN_UNREACHABLE_CODE = YES;
				CLANG_WARN__DUPLICATE_METHOD_MATCH = YES;
				CODE_SIGN_IDENTITY = "iPhone Distribution";
				COPY_PHASE_STRIP = YES;
				ENABLE_NS_ASSERTIONS = NO;
				ENABLE_STRICT_OBJC_MSGSEND = YES;
				GCC_C_LANGUAGE_STANDARD = gnu99;
				GCC_WARN_64_TO_32_BIT_CONVERSION = YES;
				GCC_WARN_ABOUT_RETURN_TYPE = YES_ERROR;
				GCC_WARN_UNDECLARED_SELECTOR = YES;
				GCC_WARN_UNINITIALIZED_AUTOS = YES_AGGRESSIVE;
				GCC_WARN_UNUSED_FUNCTION = YES;
				GCC_WARN_UNUSED_VARIABLE = YES;
				IPHONEOS_DEPLOYMENT_TARGET = 8.0;
				MTL_ENABLE_DEBUG_INFO = NO;
				SDKROOT = iphoneos;
				VALIDATE_PRODUCT = YES;
			};
			name = Release;
		};
		AA4B5D5A199640E10007EE28 /* Debug */ = {
			isa = XCBuildConfiguration;
			buildSettings = {
				ASSETCATALOG_COMPILER_APPICON_NAME = AppIcon;
				HEADER_SEARCH_PATHS = (
					"$(inherited)",
					"$(SRCROOT)/../**",
				);
				INFOPLIST_FILE = "iTMDb iOS Demo/Info.plist";
				LD_RUNPATH_SEARCH_PATHS = "$(inherited) @executable_path/Frameworks";
				PRODUCT_BUNDLE_IDENTIFIER = "dk.devify.$(PRODUCT_NAME:rfc1034identifier)";
				PRODUCT_NAME = "$(TARGET_NAME)";
			};
			name = Debug;
		};
		AA4B5D5B199640E10007EE28 /* Release */ = {
			isa = XCBuildConfiguration;
			buildSettings = {
				ASSETCATALOG_COMPILER_APPICON_NAME = AppIcon;
				HEADER_SEARCH_PATHS = (
					"$(inherited)",
					"$(SRCROOT)/../**",
				);
				INFOPLIST_FILE = "iTMDb iOS Demo/Info.plist";
				LD_RUNPATH_SEARCH_PATHS = "$(inherited) @executable_path/Frameworks";
				PRODUCT_BUNDLE_IDENTIFIER = "dk.devify.$(PRODUCT_NAME:rfc1034identifier)";
				PRODUCT_NAME = "$(TARGET_NAME)";
			};
			name = Release;
		};
/* End XCBuildConfiguration section */

/* Begin XCConfigurationList section */
		AA4B5D31199640E10007EE28 /* Build configuration list for PBXProject "iTMDb iOS Demo" */ = {
			isa = XCConfigurationList;
			buildConfigurations = (
				AA4B5D57199640E10007EE28 /* Debug */,
				AA4B5D58199640E10007EE28 /* Release */,
			);
			defaultConfigurationIsVisible = 0;
			defaultConfigurationName = Release;
		};
		AA4B5D59199640E10007EE28 /* Build configuration list for PBXNativeTarget "iTMDb iOS Demo" */ = {
			isa = XCConfigurationList;
			buildConfigurations = (
				AA4B5D5A199640E10007EE28 /* Debug */,
				AA4B5D5B199640E10007EE28 /* Release */,
			);
			defaultConfigurationIsVisible = 0;
			defaultConfigurationName = Release;
		};
/* End XCConfigurationList section */
	};
	rootObject = AA4B5D2E199640E10007EE28 /* Project object */;
}
